{
  "spec/pretty_feed/pf_tf_spec.rb:4029327435": [
    [3, 1, 3297, "RSpec/MultipleMemoizedHelpers: Example group has too many memoized helpers [12/5]", 1222040340],
    [19, 3, 2360, "RSpec/MultipleMemoizedHelpers: Example group has too many memoized helpers [12/5]", 4078509425],
    [52, 5, 33, "RSpec/MultipleExpectations: Example has too many expectations [2/1].", 2910509866],
    [60, 5, 38, "RSpec/MultipleExpectations: Example has too many expectations [2/1].", 1679018404],
    [68, 5, 33, "RSpec/MultipleExpectations: Example has too many expectations [2/1].", 3893387320],
    [76, 5, 38, "RSpec/MultipleExpectations: Example has too many expectations [2/1].", 3768812790],
    [87, 3, 185, "RSpec/MultipleMemoizedHelpers: Example group has too many memoized helpers [12/5]", 2252621265]
  ]
}
